
Microsoft Visual Studio Solution File, Format Version 11.00
# Visual Studio 2010
Project("{FAE04EC0-301F-11D3-BF4B-00C04F79EFBC}") = "B32Assembler", "B32Assembler\B32Assembler.csproj", "{27EFF44A-9BFC-4539-A410-1B78DE512B3A}"
EndProject
Global
	GlobalSection(SolutionConfigurationPlatforms) = preSolution
		Debug|Any CPU = Debug|Any CPU
		Release|Any CPU = Release|Any CPU
	EndGlobalSection
	GlobalSection(ProjectConfigurationPlatforms) = postSolution
		{27EFF44A-9BFC-4539-A410-1B78DE512B3A}.Debug|Any CPU.ActiveCfg = Debug|Any CPU
		{27EFF44A-9BFC-4539-A410-1B78DE512B3A}.Debug|Any CPU.Build.0 = Debug|Any CPU
		{27EFF44A-9BFC-4539-A410-1B78DE512B3A}.Release|Any CPU.ActiveCfg = Release|Any CPU
		{27EFF44A-9BFC-4539-A410-1B78DE512B3A}.Release|Any CPU.Build.0 = Release|Any CPU
	EndGlobalSection
	GlobalSection(MonoDevelopProperties) = preSolution
		StartupItem = B32Assembler\B32Assembler.csproj
	EndGlobalSection
	GlobalSection(SolutionProperties) = preSolution
		HideSolutionNode = FALSE
	EndGlobalSection
EndGlobal
