
Microsoft Visual Studio Solution File, Format Version 11.00
# Visual Studio 2010
Project("{FAE04EC0-301F-11D3-BF4B-00C04F79EFBC}") = "yc", "yc\yc.csproj", "{855ACDED-6D08-4CBF-B5B9-6023D67496B7}"
EndProject
Global
	GlobalSection(SolutionConfigurationPlatforms) = preSolution
		Debug|x86 = Debug|x86
		Release|x86 = Release|x86
	EndGlobalSection
	GlobalSection(ProjectConfigurationPlatforms) = postSolution
		{855ACDED-6D08-4CBF-B5B9-6023D67496B7}.Debug|x86.ActiveCfg = Debug|x86
		{855ACDED-6D08-4CBF-B5B9-6023D67496B7}.Debug|x86.Build.0 = Debug|x86
		{855ACDED-6D08-4CBF-B5B9-6023D67496B7}.Release|x86.ActiveCfg = Release|x86
		{855ACDED-6D08-4CBF-B5B9-6023D67496B7}.Release|x86.Build.0 = Release|x86
	EndGlobalSection
	GlobalSection(MonoDevelopProperties) = preSolution
		StartupItem = yc\yc.csproj
	EndGlobalSection
EndGlobal
